
Microsoft Visual Studio Solution File, Format Version 12.00
# Visual Studio Version 17
VisualStudioVersion = 17.4.33213.308
MinimumVisualStudioVersion = 10.0.40219.1
Project("{FAE04EC0-301F-11D3-BF4B-00C04F79EFBC}") = "Api", "Api\Api.csproj", "{8CDB030B-0440-46CB-8A99-DD9CE543F006}"
EndProject
Project("{2150E333-8FDC-42A3-9474-1A3956D46DE8}") = "Lib", "Lib", "{7C33D8A4-E33F-4530-B36D-66599D3C6AF1}"
EndProject
Project("{FAE04EC0-301F-11D3-BF4B-00C04F79EFBC}") = "Api.Services", "Api.Services\Api.Services.csproj", "{531B17DA-D0B8-4256-BF30-734B8C39DE7D}"
EndProject
Project("{FAE04EC0-301F-11D3-BF4B-00C04F79EFBC}") = "Api.Models", "Api.Models\Api.Models.csproj", "{038DD860-AFA4-4FCA-B5E0-EAB141916524}"
EndProject
Global
	GlobalSection(SolutionConfigurationPlatforms) = preSolution
		Debug|Any CPU = Debug|Any CPU
		Release|Any CPU = Release|Any CPU
	EndGlobalSection
	GlobalSection(ProjectConfigurationPlatforms) = postSolution
		{8CDB030B-0440-46CB-8A99-DD9CE543F006}.Debug|Any CPU.ActiveCfg = Debug|Any CPU
		{8CDB030B-0440-46CB-8A99-DD9CE543F006}.Debug|Any CPU.Build.0 = Debug|Any CPU
		{8CDB030B-0440-46CB-8A99-DD9CE543F006}.Release|Any CPU.ActiveCfg = Release|Any CPU
		{8CDB030B-0440-46CB-8A99-DD9CE543F006}.Release|Any CPU.Build.0 = Release|Any CPU
		{531B17DA-D0B8-4256-BF30-734B8C39DE7D}.Debug|Any CPU.ActiveCfg = Debug|Any CPU
		{531B17DA-D0B8-4256-BF30-734B8C39DE7D}.Debug|Any CPU.Build.0 = Debug|Any CPU
		{531B17DA-D0B8-4256-BF30-734B8C39DE7D}.Release|Any CPU.ActiveCfg = Release|Any CPU
		{531B17DA-D0B8-4256-BF30-734B8C39DE7D}.Release|Any CPU.Build.0 = Release|Any CPU
		{038DD860-AFA4-4FCA-B5E0-EAB141916524}.Debug|Any CPU.ActiveCfg = Debug|Any CPU
		{038DD860-AFA4-4FCA-B5E0-EAB141916524}.Debug|Any CPU.Build.0 = Debug|Any CPU
		{038DD860-AFA4-4FCA-B5E0-EAB141916524}.Release|Any CPU.ActiveCfg = Release|Any CPU
		{038DD860-AFA4-4FCA-B5E0-EAB141916524}.Release|Any CPU.Build.0 = Release|Any CPU
	EndGlobalSection
	GlobalSection(SolutionProperties) = preSolution
		HideSolutionNode = FALSE
	EndGlobalSection
	GlobalSection(NestedProjects) = preSolution
		{531B17DA-D0B8-4256-BF30-734B8C39DE7D} = {7C33D8A4-E33F-4530-B36D-66599D3C6AF1}
		{038DD860-AFA4-4FCA-B5E0-EAB141916524} = {7C33D8A4-E33F-4530-B36D-66599D3C6AF1}
	EndGlobalSection
	GlobalSection(ExtensibilityGlobals) = postSolution
		SolutionGuid = {547EDC52-F8D5-4E3D-8E1B-C8DFF9005959}
	EndGlobalSection
EndGlobal
